
Microsoft Visual Studio Solution File, Format Version 12.00
# Visual Studio Version 18
VisualStudioVersion = 18.7.11919.86
MinimumVisualStudioVersion = 10.0.40219.1
Project("{FAE04EC0-301F-11D3-BF4B-00C04F79EFBC}") = "ClassIslandCLI", "ClassIslandCLI\ClassIslandCLI.csproj", "{A4E08C15-056B-4476-A35C-73CD54B0E076}"
EndProject
Project("{FAE04EC0-301F-11D3-BF4B-00C04F79EFBC}") = "ClassIslandCLIAddon", "ClassIslandCLIAddon\ClassIslandCLIAddon.csproj", "{DB085A65-FCCC-8ED2-7C08-65C09A6389D4}"
EndProject
Project("{2150E333-8FDC-42A3-9474-1A3956D46DE8}") = "解决方案项", "解决方案项", "{717F1EB8-564B-44B0-A2ED-F8FBFD22DC78}"
	ProjectSection(SolutionItems) = preProject
		build.bat = build.bat
		build.sh = build.sh
		CodeMap1.dgml = CodeMap1.dgml
	EndProjectSection
EndProject
Global
	GlobalSection(SolutionConfigurationPlatforms) = preSolution
		Debug|Any CPU = Debug|Any CPU
		Release|Any CPU = Release|Any CPU
	EndGlobalSection
	GlobalSection(ProjectConfigurationPlatforms) = postSolution
		{A4E08C15-056B-4476-A35C-73CD54B0E076}.Debug|Any CPU.ActiveCfg = Debug|Any CPU
		{A4E08C15-056B-4476-A35C-73CD54B0E076}.Debug|Any CPU.Build.0 = Debug|Any CPU
		{A4E08C15-056B-4476-A35C-73CD54B0E076}.Release|Any CPU.ActiveCfg = Release|Any CPU
		{A4E08C15-056B-4476-A35C-73CD54B0E076}.Release|Any CPU.Build.0 = Release|Any CPU
		{DB085A65-FCCC-8ED2-7C08-65C09A6389D4}.Debug|Any CPU.ActiveCfg = Debug|Any CPU
		{DB085A65-FCCC-8ED2-7C08-65C09A6389D4}.Debug|Any CPU.Build.0 = Debug|Any CPU
		{DB085A65-FCCC-8ED2-7C08-65C09A6389D4}.Release|Any CPU.ActiveCfg = Release|Any CPU
		{DB085A65-FCCC-8ED2-7C08-65C09A6389D4}.Release|Any CPU.Build.0 = Release|Any CPU
	EndGlobalSection
	GlobalSection(SolutionProperties) = preSolution
		HideSolutionNode = FALSE
	EndGlobalSection
	GlobalSection(ExtensibilityGlobals) = postSolution
		SolutionGuid = {529A364D-A77F-43C5-935C-7C05432629EC}
	EndGlobalSection
EndGlobal
