
Microsoft Visual Studio Solution File, Format Version 12.00
# Visual Studio Version 18
VisualStudioVersion = 18.7.11919.86
MinimumVisualStudioVersion = 10.0.40219.1
Project("{FAE04EC0-301F-11D3-BF4B-00C04F79EFBC}") = "ClassIslandCLI", "ClassIslandCLI\ClassIslandCLI.csproj", "{A4E08C15-056B-4476-A35C-73CD54B0E076}"
EndProject
Project("{FAE04EC0-301F-11D3-BF4B-00C04F79EFBC}") = "Addon", "Addon\Addon.csproj", "{967159ED-A81B-4AA2-B2F8-0BC6097C232F}"
EndProject
Global
	GlobalSection(SolutionConfigurationPlatforms) = preSolution
		Debug|Any CPU = Debug|Any CPU
		Release|Any CPU = Release|Any CPU
	EndGlobalSection
	GlobalSection(ProjectConfigurationPlatforms) = postSolution
		{A4E08C15-056B-4476-A35C-73CD54B0E076}.Debug|Any CPU.ActiveCfg = Debug|Any CPU
		{A4E08C15-056B-4476-A35C-73CD54B0E076}.Debug|Any CPU.Build.0 = Debug|Any CPU
		{A4E08C15-056B-4476-A35C-73CD54B0E076}.Release|Any CPU.ActiveCfg = Release|Any CPU
		{A4E08C15-056B-4476-A35C-73CD54B0E076}.Release|Any CPU.Build.0 = Release|Any CPU
		{967159ED-A81B-4AA2-B2F8-0BC6097C232F}.Debug|Any CPU.ActiveCfg = Debug|Any CPU
		{967159ED-A81B-4AA2-B2F8-0BC6097C232F}.Debug|Any CPU.Build.0 = Debug|Any CPU
		{967159ED-A81B-4AA2-B2F8-0BC6097C232F}.Release|Any CPU.ActiveCfg = Release|Any CPU
		{967159ED-A81B-4AA2-B2F8-0BC6097C232F}.Release|Any CPU.Build.0 = Release|Any CPU
	EndGlobalSection
	GlobalSection(SolutionProperties) = preSolution
		HideSolutionNode = FALSE
	EndGlobalSection
	GlobalSection(ExtensibilityGlobals) = postSolution
		SolutionGuid = {529A364D-A77F-43C5-935C-7C05432629EC}
	EndGlobalSection
EndGlobal
